
Microsoft Visual Studio Solution File, Format Version 12.00
Project("{FAE04EC0-301F-11D3-BF4B-00C04F79EFBC}") = "C21_Ex01_01", "C21_Ex01_01\C21_Ex01_01.csproj", "{3C693239-8264-46B8-AB18-5936D4121699}"
EndProject
Project("{FAE04EC0-301F-11D3-BF4B-00C04F79EFBC}") = "C21_Ex01_02", "C21_Ex01_02\C21_Ex01_02.csproj", "{98206CDB-F49E-41BD-B240-38DBECC36394}"
EndProject
Project("{FAE04EC0-301F-11D3-BF4B-00C04F79EFBC}") = "C21_Ex01_03", "C21_Ex01_03\C21_Ex01_03.csproj", "{ED47CADE-0F6F-4BC0-B443-3441F08B4C73}"
EndProject
Project("{FAE04EC0-301F-11D3-BF4B-00C04F79EFBC}") = "C21_Ex01_04", "C21_Ex01_04\C21_Ex01_04.csproj", "{4322A2AE-C418-4B02-83FE-615B6D2F77CC}"
EndProject
Project("{FAE04EC0-301F-11D3-BF4B-00C04F79EFBC}") = "C21_Ex01_05", "C21_Ex01_05\C21_Ex01_05.csproj", "{AB476B16-310B-4DF5-A083-FF24EC311C41}"
EndProject
Global
	GlobalSection(SolutionConfigurationPlatforms) = preSolution
		Debug|Any CPU = Debug|Any CPU
		Release|Any CPU = Release|Any CPU
	EndGlobalSection
	GlobalSection(ProjectConfigurationPlatforms) = postSolution
		{3C693239-8264-46B8-AB18-5936D4121699}.Debug|Any CPU.ActiveCfg = Debug|Any CPU
		{3C693239-8264-46B8-AB18-5936D4121699}.Debug|Any CPU.Build.0 = Debug|Any CPU
		{3C693239-8264-46B8-AB18-5936D4121699}.Release|Any CPU.ActiveCfg = Release|Any CPU
		{3C693239-8264-46B8-AB18-5936D4121699}.Release|Any CPU.Build.0 = Release|Any CPU
		{98206CDB-F49E-41BD-B240-38DBECC36394}.Debug|Any CPU.ActiveCfg = Debug|Any CPU
		{98206CDB-F49E-41BD-B240-38DBECC36394}.Debug|Any CPU.Build.0 = Debug|Any CPU
		{98206CDB-F49E-41BD-B240-38DBECC36394}.Release|Any CPU.ActiveCfg = Release|Any CPU
		{98206CDB-F49E-41BD-B240-38DBECC36394}.Release|Any CPU.Build.0 = Release|Any CPU
		{ED47CADE-0F6F-4BC0-B443-3441F08B4C73}.Debug|Any CPU.ActiveCfg = Debug|Any CPU
		{ED47CADE-0F6F-4BC0-B443-3441F08B4C73}.Debug|Any CPU.Build.0 = Debug|Any CPU
		{ED47CADE-0F6F-4BC0-B443-3441F08B4C73}.Release|Any CPU.ActiveCfg = Release|Any CPU
		{ED47CADE-0F6F-4BC0-B443-3441F08B4C73}.Release|Any CPU.Build.0 = Release|Any CPU
		{4322A2AE-C418-4B02-83FE-615B6D2F77CC}.Debug|Any CPU.ActiveCfg = Debug|Any CPU
		{4322A2AE-C418-4B02-83FE-615B6D2F77CC}.Debug|Any CPU.Build.0 = Debug|Any CPU
		{4322A2AE-C418-4B02-83FE-615B6D2F77CC}.Release|Any CPU.ActiveCfg = Release|Any CPU
		{4322A2AE-C418-4B02-83FE-615B6D2F77CC}.Release|Any CPU.Build.0 = Release|Any CPU
		{AB476B16-310B-4DF5-A083-FF24EC311C41}.Debug|Any CPU.ActiveCfg = Debug|Any CPU
		{AB476B16-310B-4DF5-A083-FF24EC311C41}.Debug|Any CPU.Build.0 = Debug|Any CPU
		{AB476B16-310B-4DF5-A083-FF24EC311C41}.Release|Any CPU.ActiveCfg = Release|Any CPU
		{AB476B16-310B-4DF5-A083-FF24EC311C41}.Release|Any CPU.Build.0 = Release|Any CPU
	EndGlobalSection
EndGlobal
